
Microsoft Visual Studio Solution File, Format Version 12.00
# Visual Studio Version 17
VisualStudioVersion = 17.1.32328.378
MinimumVisualStudioVersion = 10.0.40219.1
Project("{888888A0-9F3D-457C-B088-3A5042F75D52}") = "NorthstarCN_ServerManager", "NorthstarCN_ServerManager\NorthstarCN_ServerManager.pyproj", "{490A6342-73B8-461F-BCE2-CE1DC61B633A}"
EndProject
Global
	GlobalSection(SolutionConfigurationPlatforms) = preSolution
		Debug|Any CPU = Debug|Any CPU
		Release|Any CPU = Release|Any CPU
	EndGlobalSection
	GlobalSection(ProjectConfigurationPlatforms) = postSolution
		{490A6342-73B8-461F-BCE2-CE1DC61B633A}.Debug|Any CPU.ActiveCfg = Debug|Any CPU
		{490A6342-73B8-461F-BCE2-CE1DC61B633A}.Release|Any CPU.ActiveCfg = Release|Any CPU
	EndGlobalSection
	GlobalSection(SolutionProperties) = preSolution
		HideSolutionNode = FALSE
	EndGlobalSection
	GlobalSection(ExtensibilityGlobals) = postSolution
		SolutionGuid = {063874B1-BF80-4773-A4BA-34C7B5A2B70D}
	EndGlobalSection
EndGlobal
